
Microsoft Visual Studio Solution File, Format Version 12.00
# Visual Studio 2015
Project("{FAE04EC0-301F-11D3-BF4B-00C04F79EFBC}") = "TestPhoton.CSharp.Plugins", "TestPhoton.CSharp.Plugins.csproj", "{26874E85-78C4-2187-5303-3A634CC6BC98}"
EndProject
Project("{FAE04EC0-301F-11D3-BF4B-00C04F79EFBC}") = "TestPhoton.CSharp", "TestPhoton.CSharp.csproj", "{91B0A958-7838-910D-E226-7710A6BE3525}"
EndProject
Project("{FAE04EC0-301F-11D3-BF4B-00C04F79EFBC}") = "TestPhoton.CSharp.Editor", "TestPhoton.CSharp.Editor.csproj", "{2C597A45-7CA5-573B-5DB8-A88343E6F2E3}"
EndProject
Global
	GlobalSection(SolutionConfigurationPlatforms) = preSolution
		Debug|Any CPU = Debug|Any CPU
		Release|Any CPU = Release|Any CPU
	EndGlobalSection
	GlobalSection(ProjectConfigurationPlatforms) = postSolution
		{26874E85-78C4-2187-5303-3A634CC6BC98}.Debug|Any CPU.ActiveCfg = Debug|Any CPU
		{26874E85-78C4-2187-5303-3A634CC6BC98}.Debug|Any CPU.Build.0 = Debug|Any CPU
		{26874E85-78C4-2187-5303-3A634CC6BC98}.Release|Any CPU.ActiveCfg = Release|Any CPU
		{26874E85-78C4-2187-5303-3A634CC6BC98}.Release|Any CPU.Build.0 = Release|Any CPU
		{91B0A958-7838-910D-E226-7710A6BE3525}.Debug|Any CPU.ActiveCfg = Debug|Any CPU
		{91B0A958-7838-910D-E226-7710A6BE3525}.Debug|Any CPU.Build.0 = Debug|Any CPU
		{91B0A958-7838-910D-E226-7710A6BE3525}.Release|Any CPU.ActiveCfg = Release|Any CPU
		{91B0A958-7838-910D-E226-7710A6BE3525}.Release|Any CPU.Build.0 = Release|Any CPU
		{2C597A45-7CA5-573B-5DB8-A88343E6F2E3}.Debug|Any CPU.ActiveCfg = Debug|Any CPU
		{2C597A45-7CA5-573B-5DB8-A88343E6F2E3}.Debug|Any CPU.Build.0 = Debug|Any CPU
		{2C597A45-7CA5-573B-5DB8-A88343E6F2E3}.Release|Any CPU.ActiveCfg = Release|Any CPU
		{2C597A45-7CA5-573B-5DB8-A88343E6F2E3}.Release|Any CPU.Build.0 = Release|Any CPU
	EndGlobalSection
	GlobalSection(SolutionProperties) = preSolution
		HideSolutionNode = FALSE
	EndGlobalSection
EndGlobal
