
Microsoft Visual Studio Solution File, Format Version 12.00
# Visual Studio 2015
Project("{FAE04EC0-301F-11D3-BF4B-00C04F79EFBC}") = "Pokerface.CSharp.Plugins", "Pokerface.CSharp.Plugins.csproj", "{74ABB205-17CC-081C-5326-3B99E136C1F2}"
EndProject
Project("{FAE04EC0-301F-11D3-BF4B-00C04F79EFBC}") = "Pokerface.CSharp", "Pokerface.CSharp.csproj", "{C563568A-B6E6-2374-5F71-155510BF4A7B}"
EndProject
Project("{FAE04EC0-301F-11D3-BF4B-00C04F79EFBC}") = "Pokerface.CSharp.Editor", "Pokerface.CSharp.Editor.csproj", "{CB49D568-7573-1C21-3E24-998F927F2046}"
EndProject
Global
	GlobalSection(SolutionConfigurationPlatforms) = preSolution
		Debug|Any CPU = Debug|Any CPU
		Release|Any CPU = Release|Any CPU
	EndGlobalSection
	GlobalSection(ProjectConfigurationPlatforms) = postSolution
		{74ABB205-17CC-081C-5326-3B99E136C1F2}.Debug|Any CPU.ActiveCfg = Debug|Any CPU
		{74ABB205-17CC-081C-5326-3B99E136C1F2}.Debug|Any CPU.Build.0 = Debug|Any CPU
		{74ABB205-17CC-081C-5326-3B99E136C1F2}.Release|Any CPU.ActiveCfg = Release|Any CPU
		{74ABB205-17CC-081C-5326-3B99E136C1F2}.Release|Any CPU.Build.0 = Release|Any CPU
		{C563568A-B6E6-2374-5F71-155510BF4A7B}.Debug|Any CPU.ActiveCfg = Debug|Any CPU
		{C563568A-B6E6-2374-5F71-155510BF4A7B}.Debug|Any CPU.Build.0 = Debug|Any CPU
		{C563568A-B6E6-2374-5F71-155510BF4A7B}.Release|Any CPU.ActiveCfg = Release|Any CPU
		{C563568A-B6E6-2374-5F71-155510BF4A7B}.Release|Any CPU.Build.0 = Release|Any CPU
		{CB49D568-7573-1C21-3E24-998F927F2046}.Debug|Any CPU.ActiveCfg = Debug|Any CPU
		{CB49D568-7573-1C21-3E24-998F927F2046}.Debug|Any CPU.Build.0 = Debug|Any CPU
		{CB49D568-7573-1C21-3E24-998F927F2046}.Release|Any CPU.ActiveCfg = Release|Any CPU
		{CB49D568-7573-1C21-3E24-998F927F2046}.Release|Any CPU.Build.0 = Release|Any CPU
	EndGlobalSection
	GlobalSection(SolutionProperties) = preSolution
		HideSolutionNode = FALSE
	EndGlobalSection
EndGlobal
