
Microsoft Visual Studio Solution File, Format Version 12.00
# Visual Studio 2015
Project("{FAE04EC0-301F-11D3-BF4B-00C04F79EFBC}") = "TestMultiplayer.CSharp.Plugins", "TestMultiplayer.CSharp.Plugins.csproj", "{F05F23FC-B42E-0872-042D-729D02473523}"
EndProject
Project("{FAE04EC0-301F-11D3-BF4B-00C04F79EFBC}") = "TestMultiplayer.CSharp", "TestMultiplayer.CSharp.csproj", "{16C49163-69D1-5EE3-A7BD-03DEEA61DFDC}"
EndProject
Project("{FAE04EC0-301F-11D3-BF4B-00C04F79EFBC}") = "TestMultiplayer.CSharp.Editor", "TestMultiplayer.CSharp.Editor.csproj", "{4A8A8F56-33AC-4A77-EFF7-425225BE752A}"
EndProject
Global
	GlobalSection(SolutionConfigurationPlatforms) = preSolution
		Debug|Any CPU = Debug|Any CPU
		Release|Any CPU = Release|Any CPU
	EndGlobalSection
	GlobalSection(ProjectConfigurationPlatforms) = postSolution
		{F05F23FC-B42E-0872-042D-729D02473523}.Debug|Any CPU.ActiveCfg = Debug|Any CPU
		{F05F23FC-B42E-0872-042D-729D02473523}.Debug|Any CPU.Build.0 = Debug|Any CPU
		{F05F23FC-B42E-0872-042D-729D02473523}.Release|Any CPU.ActiveCfg = Release|Any CPU
		{F05F23FC-B42E-0872-042D-729D02473523}.Release|Any CPU.Build.0 = Release|Any CPU
		{16C49163-69D1-5EE3-A7BD-03DEEA61DFDC}.Debug|Any CPU.ActiveCfg = Debug|Any CPU
		{16C49163-69D1-5EE3-A7BD-03DEEA61DFDC}.Debug|Any CPU.Build.0 = Debug|Any CPU
		{16C49163-69D1-5EE3-A7BD-03DEEA61DFDC}.Release|Any CPU.ActiveCfg = Release|Any CPU
		{16C49163-69D1-5EE3-A7BD-03DEEA61DFDC}.Release|Any CPU.Build.0 = Release|Any CPU
		{4A8A8F56-33AC-4A77-EFF7-425225BE752A}.Debug|Any CPU.ActiveCfg = Debug|Any CPU
		{4A8A8F56-33AC-4A77-EFF7-425225BE752A}.Debug|Any CPU.Build.0 = Debug|Any CPU
		{4A8A8F56-33AC-4A77-EFF7-425225BE752A}.Release|Any CPU.ActiveCfg = Release|Any CPU
		{4A8A8F56-33AC-4A77-EFF7-425225BE752A}.Release|Any CPU.Build.0 = Release|Any CPU
	EndGlobalSection
	GlobalSection(SolutionProperties) = preSolution
		HideSolutionNode = FALSE
	EndGlobalSection
EndGlobal
