Microsoft Visual Studio Solution File, Format Version 11.00
# Visual Studio 2008

Project("{FBBD990B-B171-2746-2D16-A6DD9D45020B}") = "Leanne's Unity", "Assembly-CSharp-firstpass.csproj", "{E208149C-DFC8-6A39-0229-3708D46B4124}"
EndProject
Project("{FBBD990B-B171-2746-2D16-A6DD9D45020B}") = "Leanne's Unity", "Assembly-CSharp.csproj", "{38178996-BF1C-20FA-291E-11315CD6DB10}"
EndProject
Project("{FBBD990B-B171-2746-2D16-A6DD9D45020B}") = "Leanne's Unity", "Assembly-CSharp-Editor.csproj", "{9A79085D-96F2-F08E-64AC-85FA6965C4EE}"
EndProject
Global
	GlobalSection(SolutionConfigurationPlatforms) = preSolution
		Debug|Any CPU = Debug|Any CPU
		Release|Any CPU = Release|Any CPU
	EndGlobalSection
	GlobalSection(ProjectConfigurationPlatforms) = postSolution
		{E208149C-DFC8-6A39-0229-3708D46B4124}.Debug|Any CPU.ActiveCfg = Debug|Any CPU
		{E208149C-DFC8-6A39-0229-3708D46B4124}.Debug|Any CPU.Build.0 = Debug|Any CPU
		{E208149C-DFC8-6A39-0229-3708D46B4124}.Release|Any CPU.ActiveCfg = Release|Any CPU
		{E208149C-DFC8-6A39-0229-3708D46B4124}.Release|Any CPU.Build.0 = Release|Any CPU
		{38178996-BF1C-20FA-291E-11315CD6DB10}.Debug|Any CPU.ActiveCfg = Debug|Any CPU
		{38178996-BF1C-20FA-291E-11315CD6DB10}.Debug|Any CPU.Build.0 = Debug|Any CPU
		{38178996-BF1C-20FA-291E-11315CD6DB10}.Release|Any CPU.ActiveCfg = Release|Any CPU
		{38178996-BF1C-20FA-291E-11315CD6DB10}.Release|Any CPU.Build.0 = Release|Any CPU
		{9A79085D-96F2-F08E-64AC-85FA6965C4EE}.Debug|Any CPU.ActiveCfg = Debug|Any CPU
		{9A79085D-96F2-F08E-64AC-85FA6965C4EE}.Debug|Any CPU.Build.0 = Debug|Any CPU
		{9A79085D-96F2-F08E-64AC-85FA6965C4EE}.Release|Any CPU.ActiveCfg = Release|Any CPU
		{9A79085D-96F2-F08E-64AC-85FA6965C4EE}.Release|Any CPU.Build.0 = Release|Any CPU
	EndGlobalSection
	GlobalSection(SolutionProperties) = preSolution
		HideSolutionNode = FALSE
	EndGlobalSection
	GlobalSection(MonoDevelopProperties) = preSolution
		StartupItem = Assembly-CSharp.csproj
	EndGlobalSection
EndGlobal
