Microsoft Visual Studio Solution File, Format Version 11.00
# Visual Studio 2008

Project("{BEB2B2BB-5F7C-75FB-59E1-B5175A846BB6}") = "VR Poker Project", "Assembly-CSharp-firstpass.csproj", "{426DE97B-A8FE-2F62-0EC2-26B819D02214}"
EndProject
Project("{BEB2B2BB-5F7C-75FB-59E1-B5175A846BB6}") = "VR Poker Project", "Assembly-CSharp.csproj", "{4CF59E58-DAA3-4015-AB9B-241B73CEA725}"
EndProject
Project("{BEB2B2BB-5F7C-75FB-59E1-B5175A846BB6}") = "VR Poker Project", "Assembly-CSharp-Editor.csproj", "{247C00EA-1A97-BC66-5207-609D61885832}"
EndProject
Global
	GlobalSection(SolutionConfigurationPlatforms) = preSolution
		Debug|Any CPU = Debug|Any CPU
		Release|Any CPU = Release|Any CPU
	EndGlobalSection
	GlobalSection(ProjectConfigurationPlatforms) = postSolution
		{426DE97B-A8FE-2F62-0EC2-26B819D02214}.Debug|Any CPU.ActiveCfg = Debug|Any CPU
		{426DE97B-A8FE-2F62-0EC2-26B819D02214}.Debug|Any CPU.Build.0 = Debug|Any CPU
		{426DE97B-A8FE-2F62-0EC2-26B819D02214}.Release|Any CPU.ActiveCfg = Release|Any CPU
		{426DE97B-A8FE-2F62-0EC2-26B819D02214}.Release|Any CPU.Build.0 = Release|Any CPU
		{4CF59E58-DAA3-4015-AB9B-241B73CEA725}.Debug|Any CPU.ActiveCfg = Debug|Any CPU
		{4CF59E58-DAA3-4015-AB9B-241B73CEA725}.Debug|Any CPU.Build.0 = Debug|Any CPU
		{4CF59E58-DAA3-4015-AB9B-241B73CEA725}.Release|Any CPU.ActiveCfg = Release|Any CPU
		{4CF59E58-DAA3-4015-AB9B-241B73CEA725}.Release|Any CPU.Build.0 = Release|Any CPU
		{247C00EA-1A97-BC66-5207-609D61885832}.Debug|Any CPU.ActiveCfg = Debug|Any CPU
		{247C00EA-1A97-BC66-5207-609D61885832}.Debug|Any CPU.Build.0 = Debug|Any CPU
		{247C00EA-1A97-BC66-5207-609D61885832}.Release|Any CPU.ActiveCfg = Release|Any CPU
		{247C00EA-1A97-BC66-5207-609D61885832}.Release|Any CPU.Build.0 = Release|Any CPU
	EndGlobalSection
	GlobalSection(SolutionProperties) = preSolution
		HideSolutionNode = FALSE
	EndGlobalSection
	GlobalSection(MonoDevelopProperties) = preSolution
		StartupItem = Assembly-CSharp.csproj
	EndGlobalSection
EndGlobal
